<?xml version="1.0" encoding="utf-8"?>
<Project ToolsVersion="4.0" xmlns="http://schemas.microsoft.com/developer/msbuild/2003">
  <ItemGroup>
    <Filter Include="common">
      <UniqueIdentifier>{00feafe3-5f95-4f16-a198-dfe900b88145}</UniqueIdentifier>
    </Filter>
    <Filter Include="IOCP">
      <UniqueIdentifier>{f1caccbe-1155-4933-a13b-b85529d05f5d}</UniqueIdentifier>
    </Filter>
    <Filter Include="pch">
      <UniqueIdentifier>{c6e7e768-07ae-434e-891e-37dc08b2e535}</UniqueIdentifier>
    </Filter>
  </ItemGroup>
  <ItemGroup>
    <ClInclude Include="..\Common\protocol.h">
      <Filter>common</Filter>
    </ClInclude>
    <ClInclude Include="..\Common\util.h">
      <Filter>common</Filter>
    </ClInclude>
    <ClInclude Include="IOCP.h">
      <Filter>IOCP</Filter>
    </ClInclude>
    <ClInclude Include="pch.h">
      <Filter>pch</Filter>
    </ClInclude>
    <ClInclude Include="define.h">
      <Filter>pch</Filter>
    </ClInclude>
  </ItemGroup>
  <ItemGroup>
    <ClCompile Include="..\Common\util.cpp">
      <Filter>common</Filter>
    </ClCompile>
    <ClCompile Include="main.cpp" />
    <ClCompile Include="IOCP.cpp">
      <Filter>IOCP</Filter>
    </ClCompile>
  </ItemGroup>
</Project>