<?xml version="1.0" encoding="utf-8"?>
<Project ToolsVersion="4.0" xmlns="http://schemas.microsoft.com/developer/msbuild/2003">
  <ItemGroup>
    <Filter Include="Engine">
      <UniqueIdentifier>{53dd1d9c-afa2-43de-8545-b68fe1eb95c5}</UniqueIdentifier>
    </Filter>
    <Filter Include="Utils">
      <UniqueIdentifier>{300f6233-f1b4-4f18-9360-c9bfe0308e34}</UniqueIdentifier>
    </Filter>
    <Filter Include="Shader">
      <UniqueIdentifier>{710a24eb-3b22-4cba-b53b-42897f27a6d4}</UniqueIdentifier>
    </Filter>
    <Filter Include="Manager">
      <UniqueIdentifier>{25b3214d-e145-4b49-8e9d-908a06998ffa}</UniqueIdentifier>
    </Filter>
    <Filter Include="Object">
      <UniqueIdentifier>{dd23f47d-3ac2-4f96-9bfe-4a6fac248639}</UniqueIdentifier>
    </Filter>
    <Filter Include="Object\Component">
      <UniqueIdentifier>{915d1c10-9db1-4fdb-887a-d0160f593ea1}</UniqueIdentifier>
    </Filter>
    <Filter Include="Object\Resource">
      <UniqueIdentifier>{c5612518-9c4d-408d-926a-9312743d39fa}</UniqueIdentifier>
    </Filter>
    <Filter Include="Object\Component\Collider">
      <UniqueIdentifier>{054eccde-e1ba-451d-925b-5547022cbf4e}</UniqueIdentifier>
    </Filter>
    <Filter Include="Scene">
      <UniqueIdentifier>{5bb6ad59-935a-4ea0-966f-9b78f2b39dd2}</UniqueIdentifier>
    </Filter>
    <Filter Include="Script">
      <UniqueIdentifier>{1cfe4b64-4ca1-4958-b16f-73f8ae1985c3}</UniqueIdentifier>
    </Filter>
    <Filter Include="Object\Component\ParticleSystem">
      <UniqueIdentifier>{80b1713f-f791-4da8-b579-6149d3cbd6f0}</UniqueIdentifier>
    </Filter>
    <Filter Include="Shader\Particle">
      <UniqueIdentifier>{5f8fafc3-15e6-4b22-adb0-2be7447512c7}</UniqueIdentifier>
    </Filter>
    <Filter Include="Script\SceneScript">
      <UniqueIdentifier>{358d7ced-88ac-469c-b0ef-74aa60466ec3}</UniqueIdentifier>
    </Filter>
    <Filter Include="Script\ObjectScript">
      <UniqueIdentifier>{eb7d48ae-19f7-451d-811d-a2770d7fbbc6}</UniqueIdentifier>
    </Filter>
  </ItemGroup>
  <ItemGroup>
    <ClCompile Include="pch.cpp">
      <Filter>Utils</Filter>
    </ClCompile>
    <ClCompile Include="EnginePch.cpp">
      <Filter>Utils</Filter>
    </ClCompile>
    <ClCompile Include="Engine.cpp">
      <Filter>Engine</Filter>
    </ClCompile>
    <ClCompile Include="CommandQueue.cpp">
      <Filter>Engine</Filter>
    </ClCompile>
    <ClCompile Include="Device.cpp">
      <Filter>Engine</Filter>
    </ClCompile>
    <ClCompile Include="SwapChain.cpp">
      <Filter>Engine</Filter>
    </ClCompile>
    <ClCompile Include="RootSignature.cpp">
      <Filter>Engine</Filter>
    </ClCompile>
    <ClCompile Include="Mesh.cpp">
      <Filter>Object\Resource</Filter>
    </ClCompile>
    <ClCompile Include="Shader.cpp">
      <Filter>Object\Resource</Filter>
    </ClCompile>
    <ClCompile Include="ConstantBuffer.cpp">
      <Filter>Engine</Filter>
    </ClCompile>
    <ClCompile Include="TableDescriptorHeap.cpp">
      <Filter>Engine</Filter>
    </ClCompile>
    <ClCompile Include="Texture.cpp">
      <Filter>Object\Resource</Filter>
    </ClCompile>
    <ClCompile Include="Material.cpp">
      <Filter>Object\Resource</Filter>
    </ClCompile>
    <ClCompile Include="GameObject.cpp">
      <Filter>Object</Filter>
    </ClCompile>
    <ClCompile Include="SceneManager.cpp">
      <Filter>Manager</Filter>
    </ClCompile>
    <ClCompile Include="Scene.cpp">
      <Filter>Manager</Filter>
    </ClCompile>
    <ClCompile Include="Input.cpp">
      <Filter>Manager</Filter>
    </ClCompile>
    <ClCompile Include="Timer.cpp">
      <Filter>Manager</Filter>
    </ClCompile>
    <ClCompile Include="SimpleMath.cpp">
      <Filter>Utils</Filter>
    </ClCompile>
    <ClCompile Include="Resources.cpp">
      <Filter>Manager</Filter>
    </ClCompile>
    <ClCompile Include="Object.cpp">
      <Filter>Object</Filter>
    </ClCompile>
    <ClCompile Include="Camera.cpp">
      <Filter>Object\Component</Filter>
    </ClCompile>
    <ClCompile Include="Component.cpp">
      <Filter>Object\Component</Filter>
    </ClCompile>
    <ClCompile Include="MeshRenderer.cpp">
      <Filter>Object\Component</Filter>
    </ClCompile>
    <ClCompile Include="MonoBehaviour.cpp">
      <Filter>Object\Component</Filter>
    </ClCompile>
    <ClCompile Include="Transform.cpp">
      <Filter>Object\Component</Filter>
    </ClCompile>
    <ClCompile Include="Light.cpp">
      <Filter>Object\Component</Filter>
    </ClCompile>
    <ClCompile Include="Frustum.cpp">
      <Filter>Object\Component</Filter>
    </ClCompile>
    <ClCompile Include="RenderTargetGroup.cpp">
      <Filter>Engine</Filter>
    </ClCompile>
    <ClCompile Include="StructuredBuffer.cpp">
      <Filter>Engine</Filter>
    </ClCompile>
    <ClCompile Include="InstancingBuffer.cpp">
      <Filter>Engine</Filter>
    </ClCompile>
    <ClCompile Include="InstancingManager.cpp">
      <Filter>Manager</Filter>
    </ClCompile>
    <ClCompile Include="BaseCollider.cpp">
      <Filter>Object\Component\Collider</Filter>
    </ClCompile>
    <ClCompile Include="SphereCollider.cpp">
      <Filter>Object\Component\Collider</Filter>
    </ClCompile>
    <ClCompile Include="FBXLoader.cpp">
      <Filter>Utils</Filter>
    </ClCompile>
    <ClCompile Include="MeshData.cpp">
      <Filter>Object\Resource</Filter>
    </ClCompile>
    <ClCompile Include="LuckyScene.cpp">
      <Filter>Scene</Filter>
    </ClCompile>
    <ClCompile Include="TitleScene.cpp">
      <Filter>Scene</Filter>
    </ClCompile>
    <ClCompile Include="BINLoader.cpp">
      <Filter>Utils</Filter>
    </ClCompile>
    <ClCompile Include="TestScene.cpp">
      <Filter>Scene</Filter>
    </ClCompile>
    <ClCompile Include="ExplorationScene.cpp">
      <Filter>Scene</Filter>
    </ClCompile>
    <ClCompile Include="FactoryScene.cpp">
      <Filter>Scene</Filter>
    </ClCompile>
    <ClCompile Include="RuinsScene.cpp">
      <Filter>Scene</Filter>
    </ClCompile>
    <ClCompile Include="CrashScene.cpp">
      <Filter>Scene</Filter>
    </ClCompile>
    <ClCompile Include="ParticleScene.cpp">
      <Filter>Scene</Filter>
    </ClCompile>
    <ClCompile Include="ParticleSystem.cpp">
      <Filter>Object\Component\ParticleSystem</Filter>
    </ClCompile>
    <ClCompile Include="BaseParticleSystem.cpp">
      <Filter>Object\Component\ParticleSystem</Filter>
    </ClCompile>
    <ClCompile Include="IceParticleSystem.cpp">
      <Filter>Object\Component\ParticleSystem</Filter>
    </ClCompile>
    <ClCompile Include="FireParticleSystem.cpp">
      <Filter>Object\Component\ParticleSystem</Filter>
    </ClCompile>
    <ClCompile Include="CataclysmParticleSystem.cpp">
      <Filter>Object\Component\ParticleSystem</Filter>
    </ClCompile>
    <ClCompile Include="RazerParticleSystem.cpp">
      <Filter>Object\Component\ParticleSystem</Filter>
    </ClCompile>
    <ClCompile Include="OverDriveParticleSystem.cpp">
      <Filter>Object\Component\ParticleSystem</Filter>
    </ClCompile>
    <ClCompile Include="TestPBRParticleSystem.cpp">
      <Filter>Object\Component\ParticleSystem</Filter>
    </ClCompile>
    <ClCompile Include="GameModule.cpp">
      <Filter>Object</Filter>
    </ClCompile>
    <ClCompile Include="CrashScript.cpp">
      <Filter>Script\SceneScript</Filter>
    </ClCompile>
    <ClCompile Include="ExplorationScript.cpp">
      <Filter>Script\SceneScript</Filter>
    </ClCompile>
    <ClCompile Include="FactoryScript.cpp">
      <Filter>Script\SceneScript</Filter>
    </ClCompile>
    <ClCompile Include="LuckyScript.cpp">
      <Filter>Script\SceneScript</Filter>
    </ClCompile>
    <ClCompile Include="MasterScript.cpp">
      <Filter>Script\SceneScript</Filter>
    </ClCompile>
    <ClCompile Include="RuinsScript.cpp">
      <Filter>Script\SceneScript</Filter>
    </ClCompile>
    <ClCompile Include="ModuleScript.cpp">
      <Filter>Script\ObjectScript</Filter>
    </ClCompile>
    <ClCompile Include="TestCameraScript.cpp">
      <Filter>Script\ObjectScript</Filter>
    </ClCompile>
    <ClCompile Include="TestDragon.cpp">
      <Filter>Script\ObjectScript</Filter>
    </ClCompile>
    <ClCompile Include="TestParticleScript.cpp">
      <Filter>Script\ObjectScript</Filter>
    </ClCompile>
    <ClCompile Include="TestPointLightScript.cpp">
      <Filter>Script\ObjectScript</Filter>
    </ClCompile>
    <ClCompile Include="WaterScript.cpp">
      <Filter>Script\ObjectScript</Filter>
    </ClCompile>
    <ClCompile Include="TitleScript.cpp">
      <Filter>Script\SceneScript</Filter>
    </ClCompile>
    <ClCompile Include="RectangleCollider.cpp">
      <Filter>Object\Component\Collider</Filter>
    </ClCompile>
    <ClCompile Include="TestGrenadeScript.cpp">
      <Filter>Script</Filter>
    </ClCompile>
    <ClCompile Include="BossScene.cpp">
      <Filter>Scene</Filter>
    </ClCompile>
    <ClCompile Include="BossScript.cpp">
      <Filter>Script\SceneScript</Filter>
    </ClCompile>
    <ClCompile Include="TestHuman.cpp">
      <Filter>Script\ObjectScript</Filter>
    </ClCompile>
    <ClCompile Include="Animator.cpp">
      <Filter>Object\Component</Filter>
    </ClCompile>
    <ClCompile Include="GlitterParticleSystem.cpp">
      <Filter>Object\Component\ParticleSystem</Filter>
    </ClCompile>
    <ClCompile Include="SelfDestructionRobotScript.cpp">
      <Filter>Script\ObjectScript</Filter>
    </ClCompile>
    <ClCompile Include="OccupationScript.cpp">
      <Filter>Script\ObjectScript</Filter>
    </ClCompile>
    <ClCompile Include="CrapScript.cpp">
      <Filter>Script\ObjectScript</Filter>
    </ClCompile>
  </ItemGroup>
  <ItemGroup>
    <ClInclude Include="pch.h">
      <Filter>Utils</Filter>
    </ClInclude>
    <ClInclude Include="EnginePch.h">
      <Filter>Utils</Filter>
    </ClInclude>
    <ClInclude Include="d3dx12.h">
      <Filter>Utils</Filter>
    </ClInclude>
    <ClInclude Include="Engine.h">
      <Filter>Engine</Filter>
    </ClInclude>
    <ClInclude Include="CommandQueue.h">
      <Filter>Engine</Filter>
    </ClInclude>
    <ClInclude Include="Device.h">
      <Filter>Engine</Filter>
    </ClInclude>
    <ClInclude Include="SwapChain.h">
      <Filter>Engine</Filter>
    </ClInclude>
    <ClInclude Include="RootSignature.h">
      <Filter>Engine</Filter>
    </ClInclude>
    <ClInclude Include="Mesh.h">
      <Filter>Object\Resource</Filter>
    </ClInclude>
    <ClInclude Include="Shader.h">
      <Filter>Object\Resource</Filter>
    </ClInclude>
    <ClInclude Include="ConstantBuffer.h">
      <Filter>Engine</Filter>
    </ClInclude>
    <ClInclude Include="TableDescriptorHeap.h">
      <Filter>Engine</Filter>
    </ClInclude>
    <ClInclude Include="Texture.h">
      <Filter>Object\Resource</Filter>
    </ClInclude>
    <ClInclude Include="Material.h">
      <Filter>Object\Resource</Filter>
    </ClInclude>
    <ClInclude Include="GameObject.h">
      <Filter>Object</Filter>
    </ClInclude>
    <ClInclude Include="SceneManager.h">
      <Filter>Manager</Filter>
    </ClInclude>
    <ClInclude Include="Scene.h">
      <Filter>Manager</Filter>
    </ClInclude>
    <ClInclude Include="Input.h">
      <Filter>Manager</Filter>
    </ClInclude>
    <ClInclude Include="Timer.h">
      <Filter>Manager</Filter>
    </ClInclude>
    <ClInclude Include="SimpleMath.h">
      <Filter>Utils</Filter>
    </ClInclude>
    <ClInclude Include="Resources.h">
      <Filter>Manager</Filter>
    </ClInclude>
    <ClInclude Include="Object.h">
      <Filter>Object</Filter>
    </ClInclude>
    <ClInclude Include="Camera.h">
      <Filter>Object\Component</Filter>
    </ClInclude>
    <ClInclude Include="Component.h">
      <Filter>Object\Component</Filter>
    </ClInclude>
    <ClInclude Include="MeshRenderer.h">
      <Filter>Object\Component</Filter>
    </ClInclude>
    <ClInclude Include="MonoBehaviour.h">
      <Filter>Object\Component</Filter>
    </ClInclude>
    <ClInclude Include="Transform.h">
      <Filter>Object\Component</Filter>
    </ClInclude>
    <ClInclude Include="Light.h">
      <Filter>Object\Component</Filter>
    </ClInclude>
    <ClInclude Include="Frustum.h">
      <Filter>Object\Component</Filter>
    </ClInclude>
    <ClInclude Include="RenderTargetGroup.h">
      <Filter>Engine</Filter>
    </ClInclude>
    <ClInclude Include="StructuredBuffer.h">
      <Filter>Engine</Filter>
    </ClInclude>
    <ClInclude Include="InstancingBuffer.h">
      <Filter>Engine</Filter>
    </ClInclude>
    <ClInclude Include="InstancingManager.h">
      <Filter>Manager</Filter>
    </ClInclude>
    <ClInclude Include="BaseCollider.h">
      <Filter>Object\Component\Collider</Filter>
    </ClInclude>
    <ClInclude Include="SphereCollider.h">
      <Filter>Object\Component\Collider</Filter>
    </ClInclude>
    <ClInclude Include="FBXLoader.h">
      <Filter>Utils</Filter>
    </ClInclude>
    <ClInclude Include="MeshData.h">
      <Filter>Object\Resource</Filter>
    </ClInclude>
    <ClInclude Include="Animator.h">
      <Filter>Object\Component</Filter>
    </ClInclude>
    <ClInclude Include="LuckyScene.h">
      <Filter>Scene</Filter>
    </ClInclude>
    <ClInclude Include="TitleScene.h">
      <Filter>Scene</Filter>
    </ClInclude>
    <ClInclude Include="BINLoader.h">
      <Filter>Utils</Filter>
    </ClInclude>
    <ClInclude Include="TestScene.h">
      <Filter>Scene</Filter>
    </ClInclude>
    <ClInclude Include="CrashScene.h">
      <Filter>Scene</Filter>
    </ClInclude>
    <ClInclude Include="ExplorationScene.h">
      <Filter>Scene</Filter>
    </ClInclude>
    <ClInclude Include="FactoryScene.h">
      <Filter>Scene</Filter>
    </ClInclude>
    <ClInclude Include="RuinsScene.h">
      <Filter>Scene</Filter>
    </ClInclude>
    <ClInclude Include="ParticleScene.h">
      <Filter>Scene</Filter>
    </ClInclude>
    <ClInclude Include="ParticleSystem.h">
      <Filter>Object\Component\ParticleSystem</Filter>
    </ClInclude>
    <ClInclude Include="BaseParticleSystem.h">
      <Filter>Object\Component\ParticleSystem</Filter>
    </ClInclude>
    <ClInclude Include="IceParticleSystem.h">
      <Filter>Object\Component\ParticleSystem</Filter>
    </ClInclude>
    <ClInclude Include="FireParticleSystem.h">
      <Filter>Object\Component\ParticleSystem</Filter>
    </ClInclude>
    <ClInclude Include="CataclysmParticleSystem.h">
      <Filter>Object\Component\ParticleSystem</Filter>
    </ClInclude>
    <ClInclude Include="RazerParticleSystem.h">
      <Filter>Object\Component\ParticleSystem</Filter>
    </ClInclude>
    <ClInclude Include="OverDriveParticleSystem.h">
      <Filter>Object\Component\ParticleSystem</Filter>
    </ClInclude>
    <ClInclude Include="TestPBRParticleSystem.h">
      <Filter>Object\Component\ParticleSystem</Filter>
    </ClInclude>
    <ClInclude Include="GameModule.h">
      <Filter>Object</Filter>
    </ClInclude>
    <ClInclude Include="CrashScript.h">
      <Filter>Script\SceneScript</Filter>
    </ClInclude>
    <ClInclude Include="ExplorationScript.h">
      <Filter>Script\SceneScript</Filter>
    </ClInclude>
    <ClInclude Include="FactoryScript.h">
      <Filter>Script\SceneScript</Filter>
    </ClInclude>
    <ClInclude Include="LuckyScript.h">
      <Filter>Script\SceneScript</Filter>
    </ClInclude>
    <ClInclude Include="MasterScript.h">
      <Filter>Script\SceneScript</Filter>
    </ClInclude>
    <ClInclude Include="RuinsScript.h">
      <Filter>Script\SceneScript</Filter>
    </ClInclude>
    <ClInclude Include="ModuleScript.h">
      <Filter>Script\ObjectScript</Filter>
    </ClInclude>
    <ClInclude Include="TestCameraScript.h">
      <Filter>Script\ObjectScript</Filter>
    </ClInclude>
    <ClInclude Include="TestDragon.h">
      <Filter>Script\ObjectScript</Filter>
    </ClInclude>
    <ClInclude Include="TestParticleScript.h">
      <Filter>Script\ObjectScript</Filter>
    </ClInclude>
    <ClInclude Include="TestPointLightScript.h">
      <Filter>Script\ObjectScript</Filter>
    </ClInclude>
    <ClInclude Include="WaterScript.h">
      <Filter>Script\ObjectScript</Filter>
    </ClInclude>
    <ClInclude Include="TitleScript.h">
      <Filter>Script\SceneScript</Filter>
    </ClInclude>
    <ClInclude Include="RectangleCollider.h">
      <Filter>Object\Component\Collider</Filter>
    </ClInclude>
    <ClInclude Include="TestGrenadeScript.h">
      <Filter>Script</Filter>
    </ClInclude>
    <ClInclude Include="BossScene.h">
      <Filter>Scene</Filter>
    </ClInclude>
    <ClInclude Include="BossScript.h">
      <Filter>Script\SceneScript</Filter>
    </ClInclude>
    <ClInclude Include="TestHuman.h">
      <Filter>Script\ObjectScript</Filter>
    </ClInclude>
    <ClInclude Include="GlitterParticleSystem.h">
      <Filter>Object\Component\ParticleSystem</Filter>
    </ClInclude>
    <ClInclude Include="SelfDestructionRobotScript.h">
      <Filter>Script\ObjectScript</Filter>
    </ClInclude>
    <ClInclude Include="OccupationScript.h">
      <Filter>Script\ObjectScript</Filter>
    </ClInclude>
    <ClInclude Include="CrapScript.h">
      <Filter>Script\ObjectScript</Filter>
    </ClInclude>
  </ItemGroup>
  <ItemGroup>
    <None Include="SimpleMath.inl">
      <Filter>Utils</Filter>
    </None>
  </ItemGroup>
  <ItemGroup>
    <FxCompile Include="..\Resources\Shader\params.fx">
      <Filter>Shader</Filter>
    </FxCompile>
    <FxCompile Include="..\Resources\Shader\skybox.fx">
      <Filter>Shader</Filter>
    </FxCompile>
    <FxCompile Include="..\Resources\Shader\utils.fx">
      <Filter>Shader</Filter>
    </FxCompile>
    <FxCompile Include="..\Resources\Shader\forward.fx">
      <Filter>Shader</Filter>
    </FxCompile>
    <FxCompile Include="..\Resources\Shader\deferred.fx">
      <Filter>Shader</Filter>
    </FxCompile>
    <FxCompile Include="..\Resources\Shader\lighting.fx">
      <Filter>Shader</Filter>
    </FxCompile>
    <FxCompile Include="..\Resources\Shader\compute.fx">
      <Filter>Shader</Filter>
    </FxCompile>
    <FxCompile Include="..\Resources\Shader\shadow.fx">
      <Filter>Shader</Filter>
    </FxCompile>
    <FxCompile Include="..\Resources\Shader\tessellation.fx">
      <Filter>Shader</Filter>
    </FxCompile>
    <FxCompile Include="..\Resources\Shader\animation.fx">
      <Filter>Shader</Filter>
    </FxCompile>
    <FxCompile Include="..\Resources\Shader\math.fx">
      <Filter>Shader</Filter>
    </FxCompile>
    <FxCompile Include="..\Resources\Shader\water.fx">
      <Filter>Shader</Filter>
    </FxCompile>
    <FxCompile Include="..\Resources\Shader\CataclysmParticle.fx">
      <Filter>Shader\Particle</Filter>
    </FxCompile>
    <FxCompile Include="..\Resources\Shader\FireParticle.fx">
      <Filter>Shader\Particle</Filter>
    </FxCompile>
    <FxCompile Include="..\Resources\Shader\OverDriveParticle.fx">
      <Filter>Shader\Particle</Filter>
    </FxCompile>
    <FxCompile Include="..\Resources\Shader\IceParticle.fx">
      <Filter>Shader\Particle</Filter>
    </FxCompile>
    <FxCompile Include="..\Resources\Shader\RazerParticle.fx">
      <Filter>Shader\Particle</Filter>
    </FxCompile>
    <FxCompile Include="..\Resources\Shader\TestPBRParticle.fx">
      <Filter>Shader\Particle</Filter>
    </FxCompile>
    <FxCompile Include="..\Resources\Shader\terrainCube.fx">
      <Filter>Shader</Filter>
    </FxCompile>
    <FxCompile Include="..\Resources\Shader\GlitterParticle.fx">
      <Filter>Shader\Particle</Filter>
    </FxCompile>
    <FxCompile Include="..\Resources\Shader\Occupation.fx">
      <Filter>Shader</Filter>
    </FxCompile>
  </ItemGroup>
</Project>